
Microsoft Visual Studio Solution File, Format Version 12.00
# Visual Studio Version 16
VisualStudioVersion = 16.0.30804.86
MinimumVisualStudioVersion = 10.0.40219.1
Project("{FAE04EC0-301F-11D3-BF4B-00C04F79EFBC}") = "CamBotButHesFullOfDumbShite", "CamBotButHesFullOfDumbShite\CamBotButHesFullOfDumbShite.csproj", "{BCA50108-4A5A-4111-9631-70233E211771}"
EndProject
Global
	GlobalSection(SolutionConfigurationPlatforms) = preSolution
		Debug|Any CPU = Debug|Any CPU
		Release|Any CPU = Release|Any CPU
	EndGlobalSection
	GlobalSection(ProjectConfigurationPlatforms) = postSolution
		{BCA50108-4A5A-4111-9631-70233E211771}.Debug|Any CPU.ActiveCfg = Debug|Any CPU
		{BCA50108-4A5A-4111-9631-70233E211771}.Debug|Any CPU.Build.0 = Debug|Any CPU
		{BCA50108-4A5A-4111-9631-70233E211771}.Release|Any CPU.ActiveCfg = Release|Any CPU
		{BCA50108-4A5A-4111-9631-70233E211771}.Release|Any CPU.Build.0 = Release|Any CPU
	EndGlobalSection
	GlobalSection(SolutionProperties) = preSolution
		HideSolutionNode = FALSE
	EndGlobalSection
	GlobalSection(ExtensibilityGlobals) = postSolution
		SolutionGuid = {953F5C4F-3444-4A00-B7EF-34AE8AD1F0B3}
	EndGlobalSection
EndGlobal
